{
  "version": 4,
  "terraform_version": "1.14.8",
  "serial": 19,
  "lineage": "ad70201d-ef64-af5b-ea92-a6e286f98ec5",
  "outputs": {
    "argocd_server_url": {
      "value": "http://13.60.86.35:30080",
      "type": "string"
    },
    "password": {
      "value": "n8LOj9BsaqAuLcXC",
      "type": "string",
      "sensitive": true
    }
  },
  "resources": [
    {
      "mode": "data",
      "type": "external",
      "name": "getip",
      "provider": "provider[\"registry.terraform.io/hashicorp/external\"]",
      "instances": [
        {
          "schema_version": 0,
          "attributes": {
            "id": "-",
            "program": [
              "bash",
              "./getip.sh"
            ],
            "query": null,
            "result": {
              "sslip_io": "1000.sslip.io"
            },
            "working_dir": null
          },
          "sensitive_attributes": [],
          "identity_schema_version": 0
        }
      ]
    },
    {
      "mode": "managed",
      "type": "helm_release",
      "name": "argocd",
      "provider": "provider[\"registry.terraform.io/hashicorp/helm\"]",
      "instances": [
        {
          "schema_version": 1,
          "attributes": {
            "atomic": false,
            "chart": "argo-cd",
            "cleanup_on_fail": false,
            "create_namespace": true,
            "dependency_update": false,
            "description": null,
            "devel": null,
            "disable_crd_hooks": false,
            "disable_openapi_validation": false,
            "disable_webhooks": false,
            "force_update": false,
            "id": "argocd",
            "keyring": null,
            "lint": false,
            "manifest": null,
            "max_history": 0,
            "metadata": [
              {
                "app_version": "2.0.1",
                "chart": "argo-cd",
                "name": "argocd",
                "namespace": "argocd",
                "revision": 1,
                "values": "{\"server\":{\"service\":{\"nodePort\":30080,\"type\":\"NodePort\"}}}",
                "version": "3.3.5"
              }
            ],
            "name": "argocd",
            "namespace": "argocd",
            "pass_credentials": false,
            "postrender": [],
            "recreate_pods": false,
            "render_subchart_notes": true,
            "replace": false,
            "repository": "https://argoproj.github.io/argo-helm",
            "repository_ca_file": null,
            "repository_cert_file": null,
            "repository_key_file": null,
            "repository_password": null,
            "repository_username": null,
            "reset_values": false,
            "reuse_values": false,
            "set": [],
            "set_list": [],
            "set_sensitive": [],
            "skip_crds": false,
            "status": "deployed",
            "timeout": 300,
            "values": [
              "\"server\":\n  \"service\":\n    \"nodePort\": 30080\n    \"type\": \"NodePort\"\n"
            ],
            "verify": false,
            "version": "3.3.5",
            "wait": true,
            "wait_for_jobs": false
          },
          "sensitive_attributes": [
            [
              {
                "type": "get_attr",
                "value": "repository_password"
              }
            ]
          ],
          "identity_schema_version": 0,
          "private": "eyJzY2hlbWFfdmVyc2lvbiI6IjEifQ==",
          "dependencies": [
            "k3d_cluster.k3d",
            "kubernetes_namespace.argocd"
          ]
        }
      ]
    },
    {
      "mode": "managed",
      "type": "helm_release",
      "name": "ingress",
      "provider": "provider[\"registry.terraform.io/hashicorp/helm\"]",
      "instances": [
        {
          "schema_version": 1,
          "attributes": {
            "atomic": false,
            "chart": "ingress-nginx",
            "cleanup_on_fail": false,
            "create_namespace": true,
            "dependency_update": false,
            "description": null,
            "devel": null,
            "disable_crd_hooks": false,
            "disable_openapi_validation": false,
            "disable_webhooks": false,
            "force_update": false,
            "id": "nginx",
            "keyring": null,
            "lint": false,
            "manifest": null,
            "max_history": 0,
            "metadata": [
              {
                "app_version": "1.7.1",
                "chart": "ingress-nginx",
                "name": "nginx",
                "namespace": "ingress-nginx",
                "revision": 1,
                "values": "{\"controller\":{\"config\":{\"use-forwarded-headers\":\"true\"},\"service\":{\"externalTrafficPolicy\":\"Local\"}}}",
                "version": "4.6.1"
              }
            ],
            "name": "nginx",
            "namespace": "ingress-nginx",
            "pass_credentials": false,
            "postrender": [],
            "recreate_pods": false,
            "render_subchart_notes": true,
            "replace": false,
            "repository": "https://kubernetes.github.io/ingress-nginx",
            "repository_ca_file": null,
            "repository_cert_file": null,
            "repository_key_file": null,
            "repository_password": null,
            "repository_username": null,
            "reset_values": false,
            "reuse_values": false,
            "set": [],
            "set_list": [],
            "set_sensitive": [],
            "skip_crds": false,
            "status": "deployed",
            "timeout": 300,
            "values": [
              "controller:\n  service:\n    externalTrafficPolicy: Local\n  config:\n    use-forwarded-headers: \"true\""
            ],
            "verify": false,
            "version": "4.6.1",
            "wait": true,
            "wait_for_jobs": false
          },
          "sensitive_attributes": [
            [
              {
                "type": "get_attr",
                "value": "repository_password"
              }
            ]
          ],
          "identity_schema_version": 0,
          "private": "eyJzY2hlbWFfdmVyc2lvbiI6IjEifQ==",
          "dependencies": [
            "k3d_cluster.k3d"
          ]
        }
      ]
    },
    {
      "mode": "managed",
      "type": "k3d_cluster",
      "name": "k3d",
      "provider": "provider[\"registry.terraform.io/pvotal-tech/k3d\"]",
      "instances": [
        {
          "schema_version": 0,
          "attributes": {
            "agents": 2,
            "credentials": [
              {
                "client_certificate": "-----BEGIN CERTIFICATE-----\nMIIBkjCCATegAwIBAgIIK2tnA2wdgTIwCgYIKoZIzj0EAwIwIzEhMB8GA1UEAwwY\nazNzLWNsaWVudC1jYUAxNzc0ODA4NDEzMB4XDTI2MDMyOTE4MjAxM1oXDTI3MDMy\nOTE4MjAxM1owMDEXMBUGA1UEChMOc3lzdGVtOm1hc3RlcnMxFTATBgNVBAMTDHN5\nc3RlbTphZG1pbjBZMBMGByqGSM49AgEGCCqGSM49AwEHA0IABGw/JiVu5KdlsxVw\nN9b8HNiMAoea3EsUlV0NQerCaP+u9UXb7v+d5bhfiMXwU7aHfJb5HfR0xJowT3gH\nXSe/a3ejSDBGMA4GA1UdDwEB/wQEAwIFoDATBgNVHSUEDDAKBggrBgEFBQcDAjAf\nBgNVHSMEGDAWgBRSWbB6ej/47Y/kTIkZCxkwmVl04TAKBggqhkjOPQQDAgNJADBG\nAiEAhbU8U8IKKqW+MDWcW/g7HrtpN6+556B7rM6ZaU0KS88CIQCYl7aO7sJQXZSl\ng7gu6blZv/nBi7CRFaJj5AYZsIIl7g==\n-----END CERTIFICATE-----\n-----BEGIN CERTIFICATE-----\nMIIBdzCCAR2gAwIBAgIBADAKBggqhkjOPQQDAjAjMSEwHwYDVQQDDBhrM3MtY2xp\nZW50LWNhQDE3NzQ4MDg0MTMwHhcNMjYwMzI5MTgyMDEzWhcNMzYwMzI2MTgyMDEz\nWjAjMSEwHwYDVQQDDBhrM3MtY2xpZW50LWNhQDE3NzQ4MDg0MTMwWTATBgcqhkjO\nPQIBBggqhkjOPQMBBwNCAAQ9nz9tD4Qv1YWOWVylRpW2j793ByGOcSfQF7AUNPLt\ntf5nH/LOzz8hjMOvUuKueS2rfgTL8K0WfUBG9cDXhedao0IwQDAOBgNVHQ8BAf8E\nBAMCAqQwDwYDVR0TAQH/BAUwAwEB/zAdBgNVHQ4EFgQUUlmweno/+O2P5EyJGQsZ\nMJlZdOEwCgYIKoZIzj0EAwIDSAAwRQIhAMA1ql1I9pzH53ei4ShubHzQ5RWpgTlA\n7YBtQbZ/yraSAiBJHPZeJIlctrfbFKzI7ubhmTGao0TTi4yrt2Fd7KmTDA==\n-----END CERTIFICATE-----\n",
                "client_key": "-----BEGIN EC PRIVATE KEY-----\nMHcCAQEEIIvCBsgvP2CBM7u2ZtS2n5lNzha8Zv1/UzWV8e+Zp80YoAoGCCqGSM49\nAwEHoUQDQgAEbD8mJW7kp2WzFXA31vwc2IwCh5rcSxSVXQ1B6sJo/671Rdvu/53l\nuF+IxfBTtod8lvkd9HTEmjBPeAddJ79rdw==\n-----END EC PRIVATE KEY-----\n",
                "cluster_ca_certificate": "-----BEGIN CERTIFICATE-----\nMIIBdzCCAR2gAwIBAgIBADAKBggqhkjOPQQDAjAjMSEwHwYDVQQDDBhrM3Mtc2Vy\ndmVyLWNhQDE3NzQ4MDg0MTMwHhcNMjYwMzI5MTgyMDEzWhcNMzYwMzI2MTgyMDEz\nWjAjMSEwHwYDVQQDDBhrM3Mtc2VydmVyLWNhQDE3NzQ4MDg0MTMwWTATBgcqhkjO\nPQIBBggqhkjOPQMBBwNCAAQjAEjXuw2/Vp6ELVQb+u8smSUeKFZiRr5uXcFo4MlU\nEZIxw16Bgz7JMwRZI92CB4v/J72lOwGgPfOl+D9cqm0uo0IwQDAOBgNVHQ8BAf8E\nBAMCAqQwDwYDVR0TAQH/BAUwAwEB/zAdBgNVHQ4EFgQULrdqoSMgUhE4da20Hsbl\nRvNUjgEwCgYIKoZIzj0EAwIDSAAwRQIhAOjkumZKcaUlegsq9SNehfzrqRQxvK2j\nZS/4NOI7nU4EAiBh9b8Id84yewL5uR9vsYQQKoFM3YjGkHDbuf5EcjXYrA==\n-----END CERTIFICATE-----\n",
                "host": "https://0.0.0.0:6443",
                "raw": "apiVersion: v1\nclusters:\n- cluster:\n    certificate-authority-data: LS0tLS1CRUdJTiBDRVJUSUZJQ0FURS0tLS0tCk1JSUJkekNDQVIyZ0F3SUJBZ0lCQURBS0JnZ3Foa2pPUFFRREFqQWpNU0V3SHdZRFZRUUREQmhyTTNNdGMyVnkKZG1WeUxXTmhRREUzTnpRNE1EZzBNVE13SGhjTk1qWXdNekk1TVRneU1ERXpXaGNOTXpZd016STJNVGd5TURFegpXakFqTVNFd0h3WURWUVFEREJock0zTXRjMlZ5ZG1WeUxXTmhRREUzTnpRNE1EZzBNVE13V1RBVEJnY3Foa2pPClBRSUJCZ2dxaGtqT1BRTUJCd05DQUFRakFFalh1dzIvVnA2RUxWUWIrdThzbVNVZUtGWmlScjV1WGNGbzRNbFUKRVpJeHcxNkJnejdKTXdSWkk5MkNCNHYvSjcybE93R2dQZk9sK0Q5Y3FtMHVvMEl3UURBT0JnTlZIUThCQWY4RQpCQU1DQXFRd0R3WURWUjBUQVFIL0JBVXdBd0VCL3pBZEJnTlZIUTRFRmdRVUxyZHFvU01nVWhFNGRhMjBIc2JsClJ2TlVqZ0V3Q2dZSUtvWkl6ajBFQXdJRFNBQXdSUUloQU9qa3VtWktjYVVsZWdzcTlTTmVoZnpycVJReHZLMmoKWlMvNE5PSTduVTRFQWlCaDliOElkODR5ZXdMNXVSOXZzWVFRS29GTTNZakdrSERidWY1RWNqWFlyQT09Ci0tLS0tRU5EIENFUlRJRklDQVRFLS0tLS0K\n    server: https://0.0.0.0:6443\n  name: k3d-emumba-mircoservice-app\ncontexts:\n- context:\n    cluster: k3d-emumba-mircoservice-app\n    user: admin@k3d-emumba-mircoservice-app\n  name: k3d-emumba-mircoservice-app\ncurrent-context: k3d-emumba-mircoservice-app\nkind: Config\npreferences: {}\nusers:\n- name: admin@k3d-emumba-mircoservice-app\n  user:\n    client-certificate-data: LS0tLS1CRUdJTiBDRVJUSUZJQ0FURS0tLS0tCk1JSUJrakNDQVRlZ0F3SUJBZ0lJSzJ0bkEyd2RnVEl3Q2dZSUtvWkl6ajBFQXdJd0l6RWhNQjhHQTFVRUF3d1kKYXpOekxXTnNhV1Z1ZEMxallVQXhOemMwT0RBNE5ERXpNQjRYRFRJMk1ETXlPVEU0TWpBeE0xb1hEVEkzTURNeQpPVEU0TWpBeE0xb3dNREVYTUJVR0ExVUVDaE1PYzNsemRHVnRPbTFoYzNSbGNuTXhGVEFUQmdOVkJBTVRESE41CmMzUmxiVHBoWkcxcGJqQlpNQk1HQnlxR1NNNDlBZ0VHQ0NxR1NNNDlBd0VIQTBJQUJHdy9KaVZ1NUtkbHN4VncKTjliOEhOaU1Bb2VhM0VzVWxWME5RZXJDYVArdTlVWGI3ditkNWJoZmlNWHdVN2FIZkpiNUhmUjB4Sm93VDNnSApYU2UvYTNlalNEQkdNQTRHQTFVZER3RUIvd1FFQXdJRm9EQVRCZ05WSFNVRUREQUtCZ2dyQmdFRkJRY0RBakFmCkJnTlZIU01FR0RBV2dCUlNXYkI2ZWovNDdZL2tUSWtaQ3hrd21WbDA0VEFLQmdncWhrak9QUVFEQWdOSkFEQkcKQWlFQWhiVThVOElLS3FXK01EV2NXL2c3SHJ0cE42KzU1NkI3ck02WmFVMEtTODhDSVFDWWw3YU83c0pRWFpTbApnN2d1NmJsWnYvbkJpN0NSRmFKajVBWVpzSUlsN2c9PQotLS0tLUVORCBDRVJUSUZJQ0FURS0tLS0tCi0tLS0tQkVHSU4gQ0VSVElGSUNBVEUtLS0tLQpNSUlCZHpDQ0FSMmdBd0lCQWdJQkFEQUtCZ2dxaGtqT1BRUURBakFqTVNFd0h3WURWUVFEREJock0zTXRZMnhwClpXNTBMV05oUURFM056UTRNRGcwTVRNd0hoY05Nall3TXpJNU1UZ3lNREV6V2hjTk16WXdNekkyTVRneU1ERXoKV2pBak1TRXdId1lEVlFRRERCaHJNM010WTJ4cFpXNTBMV05oUURFM056UTRNRGcwTVRNd1dUQVRCZ2NxaGtqTwpQUUlCQmdncWhrak9QUU1CQndOQ0FBUTluejl0RDRRdjFZV09XVnlsUnBXMmo3OTNCeUdPY1NmUUY3QVVOUEx0CnRmNW5IL0xPeno4aGpNT3ZVdUt1ZVMycmZnVEw4SzBXZlVCRzljRFhoZWRhbzBJd1FEQU9CZ05WSFE4QkFmOEUKQkFNQ0FxUXdEd1lEVlIwVEFRSC9CQVV3QXdFQi96QWRCZ05WSFE0RUZnUVVVbG13ZW5vLytPMlA1RXlKR1FzWgpNSmxaZE9Fd0NnWUlLb1pJemowRUF3SURTQUF3UlFJaEFNQTFxbDFJOXB6SDUzZWk0U2h1Ykh6UTVSV3BnVGxBCjdZQnRRYloveXJhU0FpQkpIUFplSklsY3RyZmJGS3pJN3ViaG1UR2FvMFRUaTR5cnQyRmQ3S21UREE9PQotLS0tLUVORCBDRVJUSUZJQ0FURS0tLS0tCg==\n    client-key-data: LS0tLS1CRUdJTiBFQyBQUklWQVRFIEtFWS0tLS0tCk1IY0NBUUVFSUl2Q0JzZ3ZQMkNCTTd1Mlp0UzJuNWxOemhhOFp2MS9VeldWOGUrWnA4MFlvQW9HQ0NxR1NNNDkKQXdFSG9VUURRZ0FFYkQ4bUpXN2twMld6RlhBMzF2d2MySXdDaDVyY1N4U1ZYUTFCNnNKby82NzFSZHZ1LzUzbAp1RitJeGZCVHRvZDhsdmtkOUhURW1qQlBlQWRkSjc5cmR3PT0KLS0tLS1FTkQgRUMgUFJJVkFURSBLRVktLS0tLQo=\n"
              }
            ],
            "env": [],
            "id": "emumba-mircoservice-app",
            "image": "rancher/k3s:v1.27.4-k3s1",
            "k3d": [
              {
                "disable_image_volume": false,
                "disable_load_balancer": false
              }
            ],
            "k3s": [
              {
                "extra_args": [
                  {
                    "arg": "--disable=traefik",
                    "node_filters": [
                      "server:0"
                    ]
                  }
                ]
              }
            ],
            "kube_api": [
              {
                "host": "",
                "host_ip": "0.0.0.0",
                "host_port": 6443
              }
            ],
            "kubeconfig": [
              {
                "switch_current_context": true,
                "update_default_kubeconfig": true
              }
            ],
            "label": [],
            "name": "emumba-mircoservice-app",
            "network": "k3d-emumba-mircoservice-app",
            "port": [
              {
                "container_port": 443,
                "host": "",
                "host_port": 443,
                "node_filters": [
                  "loadbalancer"
                ],
                "protocol": ""
              },
              {
                "container_port": 80,
                "host": "",
                "host_port": 80,
                "node_filters": [
                  "loadbalancer"
                ],
                "protocol": ""
              }
            ],
            "registries": [],
            "runtime": [],
            "servers": 1,
            "token": "CAedPFEQUHFwpdekQXAW",
            "volume": []
          },
          "sensitive_attributes": [
            [
              {
                "type": "get_attr",
                "value": "credentials"
              }
            ],
            [
              {
                "type": "get_attr",
                "value": "token"
              }
            ]
          ],
          "identity_schema_version": 0,
          "private": "bnVsbA=="
        }
      ]
    },
    {
      "mode": "managed",
      "type": "kubernetes_namespace",
      "name": "argocd",
      "provider": "provider[\"registry.terraform.io/hashicorp/kubernetes\"]",
      "instances": [
        {
          "schema_version": 0,
          "attributes": {
            "id": "argocd",
            "metadata": [
              {
                "annotations": null,
                "generate_name": "",
                "generation": 0,
                "labels": null,
                "name": "argocd",
                "resource_version": "384",
                "uid": "39e94f39-4271-4bf5-8ce6-6ccc881ab45c"
              }
            ],
            "timeouts": null,
            "wait_for_default_service_account": false
          },
          "sensitive_attributes": [],
          "identity_schema_version": 0,
          "private": "eyJlMmJmYjczMC1lY2FhLTExZTYtOGY4OC0zNDM2M2JjN2M0YzAiOnsiZGVsZXRlIjozMDAwMDAwMDAwMDB9fQ==",
          "dependencies": [
            "k3d_cluster.k3d"
          ]
        }
      ]
    },
    {
      "mode": "managed",
      "type": "random_password",
      "name": "password",
      "provider": "provider[\"registry.terraform.io/hashicorp/random\"]",
      "instances": [
        {
          "schema_version": 3,
          "attributes": {
            "bcrypt_hash": "$2a$10$go2wO/BZovA73vjODezG3.56UvmfsI8R/uneHytIxsiD561MtC65u",
            "id": "none",
            "keepers": null,
            "length": 16,
            "lower": true,
            "min_lower": 0,
            "min_numeric": 0,
            "min_special": 0,
            "min_upper": 0,
            "number": true,
            "numeric": true,
            "override_special": "!#$%\u0026*()-_=+[]{}\u003c\u003e:?@",
            "result": "n8LOj9BsaqAuLcXC",
            "special": false,
            "upper": true
          },
          "sensitive_attributes": [
            [
              {
                "type": "get_attr",
                "value": "bcrypt_hash"
              }
            ],
            [
              {
                "type": "get_attr",
                "value": "result"
              }
            ]
          ],
          "identity_schema_version": 0
        }
      ]
    }
  ],
  "check_results": null
}
